{
  "requires": true,
  "lockfileVersion": 1,
  "dependencies": {
    "angular": {
      "version": "1.6.9",
      "resolved": "https://registry.npmjs.org/angular/-/angular-1.6.9.tgz",
      "integrity": "sha512-6igWH2GIsxV+J38wNWCh8oyjaZsrIPIDO35twloIUyjlF2Yit6UyLAWujHP05ma/LFxTsx4NtYibRoMNBXPR1A=="
    },
    "angular-timeago": {
      "version": "0.4.6",
      "resolved": "https://registry.npmjs.org/angular-timeago/-/angular-timeago-0.4.6.tgz",
      "integrity": "sha512-7XaRPNDOYn8+6ZhT/CUugGXsxzqZ5FqOwvamgf1D0A53sdEyRxG0qAL5rDhpaXamk3QxHARygcavf+tdUOF1/A==",
      "requires": {
        "angular": "1.6.9"
      }
    }
  }
}
